
Microsoft Visual Studio Solution File, Format Version 12.00
# Visual Studio Version 16
VisualStudioVersion = 16.0.31321.278
MinimumVisualStudioVersion = 10.0.40219.1
Project("{FAE04EC0-301F-11D3-BF4B-00C04F79EFBC}") = "MVCDemoApp", "MVCDemoApp.csproj", "{062EFAB0-913B-4CD8-B4DE-A0A9B438EDFE}"
EndProject
Global
	GlobalSection(SolutionConfigurationPlatforms) = preSolution
		Debug|Any CPU = Debug|Any CPU
		Release|Any CPU = Release|Any CPU
	EndGlobalSection
	GlobalSection(ProjectConfigurationPlatforms) = postSolution
		{062EFAB0-913B-4CD8-B4DE-A0A9B438EDFE}.Debug|Any CPU.ActiveCfg = Debug|Any CPU
		{062EFAB0-913B-4CD8-B4DE-A0A9B438EDFE}.Debug|Any CPU.Build.0 = Debug|Any CPU
		{062EFAB0-913B-4CD8-B4DE-A0A9B438EDFE}.Release|Any CPU.ActiveCfg = Release|Any CPU
		{062EFAB0-913B-4CD8-B4DE-A0A9B438EDFE}.Release|Any CPU.Build.0 = Release|Any CPU
	EndGlobalSection
	GlobalSection(SolutionProperties) = preSolution
		HideSolutionNode = FALSE
	EndGlobalSection
	GlobalSection(ExtensibilityGlobals) = postSolution
		SolutionGuid = {7FC1C66E-5FDC-4B4D-BF02-AEAE15B3D178}
	EndGlobalSection
EndGlobal
